
Microsoft Visual Studio Solution File, Format Version 12.00
# Visual Studio Version 17
VisualStudioVersion = 17.13.35919.96 d17.13
MinimumVisualStudioVersion = 10.0.40219.1
Project("{FAE04EC0-301F-11D3-BF4B-00C04F79EFBC}") = "NetworkLibrary", "NetworkLibrary\NetworkLibrary.csproj", "{FFD3586A-1354-41CA-9E44-DDFCF6AE9DAB}"
EndProject
Project("{FAE04EC0-301F-11D3-BF4B-00C04F79EFBC}") = "SampleClient", "SampleClient\SampleClient.csproj", "{94D76BCA-6C6B-489D-A1B6-EC3F84DDC214}"
EndProject
Project("{FAE04EC0-301F-11D3-BF4B-00C04F79EFBC}") = "SampleServer", "SampleServer\SampleServer.csproj", "{201F0B06-3119-4016-8AA5-13D8B448F526}"
EndProject
Global
	GlobalSection(SolutionConfigurationPlatforms) = preSolution
		Debug|Any CPU = Debug|Any CPU
		Release|Any CPU = Release|Any CPU
	EndGlobalSection
	GlobalSection(ProjectConfigurationPlatforms) = postSolution
		{FFD3586A-1354-41CA-9E44-DDFCF6AE9DAB}.Debug|Any CPU.ActiveCfg = Debug|Any CPU
		{FFD3586A-1354-41CA-9E44-DDFCF6AE9DAB}.Debug|Any CPU.Build.0 = Debug|Any CPU
		{FFD3586A-1354-41CA-9E44-DDFCF6AE9DAB}.Release|Any CPU.ActiveCfg = Release|Any CPU
		{FFD3586A-1354-41CA-9E44-DDFCF6AE9DAB}.Release|Any CPU.Build.0 = Release|Any CPU
		{94D76BCA-6C6B-489D-A1B6-EC3F84DDC214}.Debug|Any CPU.ActiveCfg = Debug|Any CPU
		{94D76BCA-6C6B-489D-A1B6-EC3F84DDC214}.Debug|Any CPU.Build.0 = Debug|Any CPU
		{94D76BCA-6C6B-489D-A1B6-EC3F84DDC214}.Release|Any CPU.ActiveCfg = Release|Any CPU
		{94D76BCA-6C6B-489D-A1B6-EC3F84DDC214}.Release|Any CPU.Build.0 = Release|Any CPU
		{201F0B06-3119-4016-8AA5-13D8B448F526}.Debug|Any CPU.ActiveCfg = Debug|Any CPU
		{201F0B06-3119-4016-8AA5-13D8B448F526}.Debug|Any CPU.Build.0 = Debug|Any CPU
		{201F0B06-3119-4016-8AA5-13D8B448F526}.Release|Any CPU.ActiveCfg = Release|Any CPU
		{201F0B06-3119-4016-8AA5-13D8B448F526}.Release|Any CPU.Build.0 = Release|Any CPU
	EndGlobalSection
	GlobalSection(SolutionProperties) = preSolution
		HideSolutionNode = FALSE
	EndGlobalSection
	GlobalSection(ExtensibilityGlobals) = postSolution
		SolutionGuid = {7FF7EBA4-44EA-4AA1-97E1-AC1A932605FF}
	EndGlobalSection
EndGlobal
